<?xml version="1.0" encoding="utf-8"?>
<Project ToolsVersion="4.0" xmlns="http://schemas.microsoft.com/developer/msbuild/2003">
  <ItemGroup>
    <Filter Include="Source Files">
      <UniqueIdentifier>{4FC737F1-C7A5-4376-A066-2A32D752A2FF}</UniqueIdentifier>
      <Extensions>cpp;c;cc;cxx;c++;cppm;ixx;def;odl;idl;hpj;bat;asm;asmx</Extensions>
    </Filter>
    <Filter Include="Header Files">
      <UniqueIdentifier>{93995380-89BD-4b04-88EB-625FBE52EBFB}</UniqueIdentifier>
      <Extensions>h;hh;hpp;hxx;h++;hm;inl;inc;ipp;xsd</Extensions>
    </Filter>
    <Filter Include="Resource Files">
      <UniqueIdentifier>{67DA6AB6-F800-4c08-8B7A-83BB121AAD01}</UniqueIdentifier>
      <Extensions>rc;ico;cur;bmp;dlg;rc2;rct;bin;rgs;gif;jpg;jpeg;jpe;resx;tiff;tif;png;wav;mfcribbon-ms</Extensions>
    </Filter>
    <Filter Include="01. GameManger">
      <UniqueIdentifier>{b380e80d-0eaa-4426-a057-52d1d34672d2}</UniqueIdentifier>
    </Filter>
    <Filter Include="02. Map">
      <UniqueIdentifier>{eb9bea4e-4e1d-4818-a00c-92e96aa0dca3}</UniqueIdentifier>
    </Filter>
    <Filter Include="03. Object">
      <UniqueIdentifier>{5149d2f3-045d-4a2d-8b3c-dc8b7e65e25a}</UniqueIdentifier>
    </Filter>
  </ItemGroup>
  <ItemGroup>
    <ClCompile Include="main.cpp">
      <Filter>Source Files</Filter>
    </ClCompile>
    <ClCompile Include="GameManager.cpp">
      <Filter>01. GameManger</Filter>
    </ClCompile>
    <ClCompile Include="MapManager.cpp">
      <Filter>02. Map</Filter>
    </ClCompile>
    <ClCompile Include="Map.cpp">
      <Filter>02. Map</Filter>
    </ClCompile>
    <ClCompile Include="ObjectManager.cpp">
      <Filter>03. Object</Filter>
    </ClCompile>
    <ClCompile Include="Player.cpp">
      <Filter>03. Object</Filter>
    </ClCompile>
    <ClCompile Include="Monster.cpp">
      <Filter>03. Object</Filter>
    </ClCompile>
  </ItemGroup>
  <ItemGroup>
    <ClInclude Include="Game.h">
      <Filter>Header Files</Filter>
    </ClInclude>
    <ClInclude Include="GameManager.h">
      <Filter>01. GameManger</Filter>
    </ClInclude>
    <ClInclude Include="MapManager.h">
      <Filter>02. Map</Filter>
    </ClInclude>
    <ClInclude Include="Map.h">
      <Filter>02. Map</Filter>
    </ClInclude>
    <ClInclude Include="ObjectManager.h">
      <Filter>03. Object</Filter>
    </ClInclude>
    <ClInclude Include="Player.h">
      <Filter>03. Object</Filter>
    </ClInclude>
    <ClInclude Include="Monster.h">
      <Filter>03. Object</Filter>
    </ClInclude>
  </ItemGroup>
</Project>