<?xml version="1.0" encoding="utf-8"?>
<Project ToolsVersion="4.0" xmlns="http://schemas.microsoft.com/developer/msbuild/2003">
  <ItemGroup>
    <Filter Include="Source Files">
      <UniqueIdentifier>{4FC737F1-C7A5-4376-A066-2A32D752A2FF}</UniqueIdentifier>
      <Extensions>cpp;c;cc;cxx;c++;cppm;ixx;def;odl;idl;hpj;bat;asm;asmx</Extensions>
    </Filter>
    <Filter Include="Header Files">
      <UniqueIdentifier>{93995380-89BD-4b04-88EB-625FBE52EBFB}</UniqueIdentifier>
      <Extensions>h;hh;hpp;hxx;h++;hm;inl;inc;ipp;xsd</Extensions>
    </Filter>
    <Filter Include="01. Engine">
      <UniqueIdentifier>{5bd301da-9f5b-41f6-83e0-6294b6a3f1ff}</UniqueIdentifier>
    </Filter>
    <Filter Include="01. Engine\01. Device">
      <UniqueIdentifier>{40a58b0d-fd6e-47aa-915e-68386619b0ce}</UniqueIdentifier>
    </Filter>
    <Filter Include="01. Engine\02. Math">
      <UniqueIdentifier>{032304cb-d350-4e74-909c-b6d98a7b47da}</UniqueIdentifier>
    </Filter>
    <Filter Include="02. Resource">
      <UniqueIdentifier>{7aa599ba-71f1-4b31-a51a-e4cc2971520a}</UniqueIdentifier>
    </Filter>
    <Filter Include="01. Engine\03. Ref">
      <UniqueIdentifier>{c7a4cfd3-3e00-46db-a202-8f3a09d8a2bf}</UniqueIdentifier>
    </Filter>
    <Filter Include="01. Engine\04. SharedPtr">
      <UniqueIdentifier>{ee0f85ce-2506-4123-981d-70b891ea1179}</UniqueIdentifier>
    </Filter>
    <Filter Include="02. Resource\01. Mesh">
      <UniqueIdentifier>{a20be2f4-a52e-47fb-bc0e-c4e4ee44a089}</UniqueIdentifier>
    </Filter>
    <Filter Include="02. Resource\02. Shader">
      <UniqueIdentifier>{e746f74d-94a8-41a3-893e-37616f1209a9}</UniqueIdentifier>
    </Filter>
    <Filter Include="02. Resource\02. Shader\01. HLSL">
      <UniqueIdentifier>{05af3059-b2f7-47fa-a111-d47915adc524}</UniqueIdentifier>
    </Filter>
    <Filter Include="02. Resource\02. Shader\02. ShaderClass">
      <UniqueIdentifier>{3310253e-5dc5-4b58-af8f-e01b9d1fe3fb}</UniqueIdentifier>
    </Filter>
    <Filter Include="02. Resource\02. Shader\02. ShaderClass\01. ColorMesh">
      <UniqueIdentifier>{64be7e00-9515-4b99-8f4f-28042408983a}</UniqueIdentifier>
    </Filter>
    <Filter Include="01. Engine\05. Path">
      <UniqueIdentifier>{315fccfc-fdcd-486b-8c6d-92a295e54ff4}</UniqueIdentifier>
    </Filter>
    <Filter Include="Resource Files">
      <UniqueIdentifier>{67DA6AB6-F800-4c08-8B7A-83BB121AAD01}</UniqueIdentifier>
      <Extensions>rc;ico;cur;bmp;dlg;rc2;rct;bin;rgs;gif;jpg;jpeg;jpe;resx;tiff;tif;png;wav;mfcribbon-ms</Extensions>
    </Filter>
    <Filter Include="03. Scene">
      <UniqueIdentifier>{1b611c05-cf9d-4065-b0bd-773094318ec2}</UniqueIdentifier>
    </Filter>
    <Filter Include="04. GameObject">
      <UniqueIdentifier>{01745c15-4739-415c-a229-ae7ef7c21d4c}</UniqueIdentifier>
    </Filter>
    <Filter Include="01. Engine\06. Timer">
      <UniqueIdentifier>{f27ea58f-a3fb-4bd4-a0f9-3f93c2a70793}</UniqueIdentifier>
    </Filter>
    <Filter Include="03. Scene\01. SceneMod">
      <UniqueIdentifier>{d167dcea-da89-484e-87e0-23a10489a0fa}</UniqueIdentifier>
    </Filter>
    <Filter Include="02. Resource\03. Material">
      <UniqueIdentifier>{f7e2be7a-3acc-4f61-a97a-db416d5944db}</UniqueIdentifier>
    </Filter>
    <Filter Include="05. Component">
      <UniqueIdentifier>{627848af-dae1-42f6-9024-9673650f0e3b}</UniqueIdentifier>
    </Filter>
    <Filter Include="05. Component\01. SceneComponent">
      <UniqueIdentifier>{4bec1e3e-0de5-4e4f-8610-6743969e1cfa}</UniqueIdentifier>
    </Filter>
    <Filter Include="05. Component\02. ObjectComponent">
      <UniqueIdentifier>{8ff5238f-9685-4644-8d9b-6dccde50f294}</UniqueIdentifier>
    </Filter>
    <Filter Include="05. Component\01. SceneComponent\01. MeshComponent">
      <UniqueIdentifier>{a009e036-9ccc-4b5b-8886-b00185cfec5d}</UniqueIdentifier>
    </Filter>
    <Filter Include="02. Resource\02. Shader\03. ConstantBuffer">
      <UniqueIdentifier>{66d206cf-5bb6-45bd-80bb-b6b391e882d9}</UniqueIdentifier>
    </Filter>
    <Filter Include="02. Resource\02. Shader\03. ConstantBuffer\01. Transform">
      <UniqueIdentifier>{20cbe478-c520-4fcd-bb6e-a55440e4e6fa}</UniqueIdentifier>
    </Filter>
    <Filter Include="06. Render">
      <UniqueIdentifier>{91d02be3-0522-4b74-be85-96520f0da1bf}</UniqueIdentifier>
    </Filter>
    <Filter Include="01. Engine\07. Input">
      <UniqueIdentifier>{792c9605-82d2-4ff1-8fa8-ea5a5e20e822}</UniqueIdentifier>
    </Filter>
    <Filter Include="02. Resource\04. Texture">
      <UniqueIdentifier>{fdec8e94-148e-47e6-9a80-977aaab577ab}</UniqueIdentifier>
    </Filter>
    <Filter Include="02. Resource\02. Shader\02. ShaderClass\02. Mesh2D">
      <UniqueIdentifier>{c7a86580-74c2-4e43-ab2c-f4906794d8b5}</UniqueIdentifier>
    </Filter>
    <Filter Include="02. Resource\02. Shader\03. ConstantBuffer\02. Material">
      <UniqueIdentifier>{badf42e2-ece5-4b04-8a26-c647d4f3dedd}</UniqueIdentifier>
    </Filter>
    <Filter Include="06. Render\01. RenderState">
      <UniqueIdentifier>{99776967-1a23-4741-b929-232008ef6739}</UniqueIdentifier>
    </Filter>
    <Filter Include="07. Animation">
      <UniqueIdentifier>{74bcc2d4-c922-46b7-9763-0e70710a9098}</UniqueIdentifier>
    </Filter>
    <Filter Include="02. Resource\05. Animation">
      <UniqueIdentifier>{40a6079b-cbdf-4973-8e8f-e9593e383d85}</UniqueIdentifier>
    </Filter>
    <Filter Include="02. Resource\02. Shader\03. ConstantBuffer\03. Animation2D">
      <UniqueIdentifier>{a07cc827-3220-40a0-be3d-b7a9277e2edf}</UniqueIdentifier>
    </Filter>
    <Filter Include="02. Resource\02. Shader\03. ConstantBuffer\04. Standard2D">
      <UniqueIdentifier>{9db5e496-54ae-4c1b-b8fe-dd4d3ab98e83}</UniqueIdentifier>
    </Filter>
    <Filter Include="01. Engine\08. IMGUI">
      <UniqueIdentifier>{81a93e68-3a10-41f7-88cd-97996b463ff8}</UniqueIdentifier>
    </Filter>
    <Filter Include="01. Engine\08. IMGUI\01. Lib">
      <UniqueIdentifier>{9163e815-cbab-4da5-a20c-e357d44431c1}</UniqueIdentifier>
    </Filter>
    <Filter Include="01. Engine\08. IMGUI\02. Window">
      <UniqueIdentifier>{08c37230-581f-4ad5-b76a-2bf7ec4016d3}</UniqueIdentifier>
    </Filter>
    <Filter Include="01. Engine\08. IMGUI\03. Widget">
      <UniqueIdentifier>{4022f9f5-ee90-4943-882e-258c9fc90cab}</UniqueIdentifier>
    </Filter>
    <Filter Include="05. Component\01. SceneComponent\02. Collider">
      <UniqueIdentifier>{e4ab9c77-5ced-4aa4-b9ac-cc39db1da0a1}</UniqueIdentifier>
    </Filter>
    <Filter Include="03. Scene\03. Collision">
      <UniqueIdentifier>{10f0dedb-9856-4f8b-b056-cf3eb4a9fa86}</UniqueIdentifier>
    </Filter>
    <Filter Include="02. Resource\02. Shader\03. ConstantBuffer\05. Collider">
      <UniqueIdentifier>{8eb91a77-92e9-446f-99ce-8cc5b9eca61b}</UniqueIdentifier>
    </Filter>
    <Filter Include="05. Component\01. SceneComponent\03. Camera">
      <UniqueIdentifier>{f3c95151-21f1-443c-af32-4fc7852da064}</UniqueIdentifier>
    </Filter>
    <Filter Include="03. Scene\04. CameraManager">
      <UniqueIdentifier>{cd7b61d6-db14-4327-b45c-a976e7a2a43d}</UniqueIdentifier>
    </Filter>
    <Filter Include="02. Resource\02. Shader\02. ShaderClass\03. Collider">
      <UniqueIdentifier>{cdce886b-4b57-4478-bfb8-8c90cb4a4030}</UniqueIdentifier>
    </Filter>
    <Filter Include="09. Widget">
      <UniqueIdentifier>{ef25a810-48ac-4184-8a1c-2f51573bc231}</UniqueIdentifier>
    </Filter>
    <Filter Include="03. Scene\05. Viewport">
      <UniqueIdentifier>{d0a46ce0-9fd7-4bac-9eaf-507940be1c4c}</UniqueIdentifier>
    </Filter>
    <Filter Include="09. Widget\01. Window">
      <UniqueIdentifier>{94887906-8b8f-49ce-a4ad-977bbdb6e463}</UniqueIdentifier>
    </Filter>
    <Filter Include="09. Widget\02. Widget">
      <UniqueIdentifier>{47f7f401-a2a7-407c-88e8-b035c8295fe8}</UniqueIdentifier>
    </Filter>
    <Filter Include="02. Resource\02. Shader\03. ConstantBuffer\06. Widget">
      <UniqueIdentifier>{d7c2586f-4b11-4dd0-8970-5979772b3f94}</UniqueIdentifier>
    </Filter>
    <Filter Include="02. Resource\02. Shader\02. ShaderClass\04. Widget">
      <UniqueIdentifier>{cfa79662-670f-4ed5-95f4-abdd77fa9ac1}</UniqueIdentifier>
    </Filter>
    <Filter Include="02. Resource\06. Sound">
      <UniqueIdentifier>{111982b4-2204-4d7a-80cf-7e65e8f3b5a3}</UniqueIdentifier>
    </Filter>
    <Filter Include="02. Resource\06. Sound\01. FMOD">
      <UniqueIdentifier>{c74cff32-8feb-4ba3-a94d-924a0cd89085}</UniqueIdentifier>
    </Filter>
    <Filter Include="02. Resource\07. Font">
      <UniqueIdentifier>{76a02fd0-f111-4b7a-b797-12b0569a4704}</UniqueIdentifier>
    </Filter>
    <Filter Include="05. Component\01. SceneComponent\04. Widget">
      <UniqueIdentifier>{f22335a1-712c-4b6c-9798-a44b80a48a32}</UniqueIdentifier>
    </Filter>
    <Filter Include="01. Engine\09. Thread">
      <UniqueIdentifier>{52049c5c-99e0-4851-9ea1-0b297fef3b39}</UniqueIdentifier>
    </Filter>
    <Filter Include="02. Resource\02. Shader\04. StructuredBuffer">
      <UniqueIdentifier>{befa6102-21e3-4e29-b2ca-2a031fadd9bc}</UniqueIdentifier>
    </Filter>
    <Filter Include="02. Resource\02. Shader\03. ConstantBuffer\07. Global">
      <UniqueIdentifier>{af1708ad-a8ac-441e-bbcb-88705528adac}</UniqueIdentifier>
    </Filter>
    <Filter Include="02. Resource\02. Shader\03. ConstantBuffer\08. Particle">
      <UniqueIdentifier>{48e3870b-6207-4a57-a80e-1df1d7db08da}</UniqueIdentifier>
    </Filter>
    <Filter Include="05. Component\01. SceneComponent\05 Particle">
      <UniqueIdentifier>{4cd68699-6fcc-47c0-9f1a-85efdc836c26}</UniqueIdentifier>
    </Filter>
    <Filter Include="02. Resource\08. Particle">
      <UniqueIdentifier>{3dd8f863-054e-4797-96b0-a4837ac36a41}</UniqueIdentifier>
    </Filter>
    <Filter Include="02. Resource\02. Shader\02. ShaderClass\05. Particle">
      <UniqueIdentifier>{a750fdbb-2c40-4da4-bf99-9b846263b29a}</UniqueIdentifier>
    </Filter>
    <Filter Include="05. Component\02. ObjectComponent\01. PaperBurn">
      <UniqueIdentifier>{9d8b6b3f-608e-4c16-ade8-4667cab74d0e}</UniqueIdentifier>
    </Filter>
    <Filter Include="02. Resource\02. Shader\03. ConstantBuffer\09. PaperBurn">
      <UniqueIdentifier>{2733fa99-cc44-4e21-8a4c-d7b33a7dc1bf}</UniqueIdentifier>
    </Filter>
    <Filter Include="05. Component\01. SceneComponent\06. TileMap">
      <UniqueIdentifier>{a18d2101-7e26-4cd8-a906-d1418daacd92}</UniqueIdentifier>
    </Filter>
    <Filter Include="02. Resource\02. Shader\03. ConstantBuffer\10. TileMap">
      <UniqueIdentifier>{878ab86f-3746-4f6b-934b-d5ac5d657d4d}</UniqueIdentifier>
    </Filter>
    <Filter Include="02. Resource\02. Shader\02. ShaderClass\06. TileMap">
      <UniqueIdentifier>{e4472789-a04c-4695-9fba-d3a513d0a428}</UniqueIdentifier>
    </Filter>
    <Filter Include="03. Scene\06. Navigation">
      <UniqueIdentifier>{ee0d04de-1baa-41e0-afbb-0d49a50f6997}</UniqueIdentifier>
    </Filter>
    <Filter Include="05. Component\02. ObjectComponent\02. NavAgent">
      <UniqueIdentifier>{9804b474-a6a8-4ad0-9743-8d1c9ea3b3c0}</UniqueIdentifier>
    </Filter>
    <Filter Include="03. Scene\02. SceneResource">
      <UniqueIdentifier>{da328954-2a18-4a16-8082-1301a3a002ed}</UniqueIdentifier>
    </Filter>
    <Filter Include="08. Collision">
      <UniqueIdentifier>{fd68d3d5-41f1-4263-9870-0b8d16a29c18}</UniqueIdentifier>
    </Filter>
    <Filter Include="02. Resource\02. Shader\02. ShaderClass\07. Standard3D">
      <UniqueIdentifier>{fc18f036-69fe-42c5-997e-61ead851c992}</UniqueIdentifier>
    </Filter>
    <Filter Include="05. Component\01. SceneComponent\07. Arm">
      <UniqueIdentifier>{561d60c6-cf5c-45fa-815e-e75fbb036294}</UniqueIdentifier>
    </Filter>
    <Filter Include="02. Resource\05. Animation\01. 2D">
      <UniqueIdentifier>{0e3da737-0577-480c-84c4-69c0b1530e79}</UniqueIdentifier>
    </Filter>
    <Filter Include="02. Resource\05. Animation\02. 3D">
      <UniqueIdentifier>{b5bed9a6-0391-4da8-a032-e8a1d25271a7}</UniqueIdentifier>
    </Filter>
    <Filter Include="07. Animation\01. 2D">
      <UniqueIdentifier>{88b30229-19a1-4ca3-8f7f-3d2157866526}</UniqueIdentifier>
    </Filter>
    <Filter Include="07. Animation\02. 3D">
      <UniqueIdentifier>{94797045-5804-4911-ae19-6e0f5de031dd}</UniqueIdentifier>
    </Filter>
    <Filter Include="02. Resource\02. Shader\03. ConstantBuffer\11. Animation3D">
      <UniqueIdentifier>{24882143-2edb-4dbd-9c4e-51aced5ddea0}</UniqueIdentifier>
    </Filter>
    <Filter Include="02. Resource\02. Shader\02. ShaderClass\08. AnimationUpdate">
      <UniqueIdentifier>{9d5fdf40-c89d-42d6-b1f1-5821fa94c06d}</UniqueIdentifier>
    </Filter>
    <Filter Include="05. Component\01. SceneComponent\08. Light">
      <UniqueIdentifier>{dd840506-9c85-429e-8e6f-556f702e8916}</UniqueIdentifier>
    </Filter>
    <Filter Include="02. Resource\02. Shader\03. ConstantBuffer\12. Light">
      <UniqueIdentifier>{c760f1c0-af14-4529-8500-1afbf721058e}</UniqueIdentifier>
    </Filter>
    <Filter Include="03. Scene\07. Light">
      <UniqueIdentifier>{2c4cd0b8-ef64-46c2-b09a-86fa46eb7eef}</UniqueIdentifier>
    </Filter>
    <Filter Include="02. Resource\02. Shader\02. ShaderClass\09. RenderTarget">
      <UniqueIdentifier>{8cf04b50-bd97-4567-ba93-4cd999dc4349}</UniqueIdentifier>
    </Filter>
    <Filter Include="02. Resource\02. Shader\02. ShaderClass\10. Light">
      <UniqueIdentifier>{1e6aa641-566f-4a88-afdf-f2e97020b3f0}</UniqueIdentifier>
    </Filter>
    <Filter Include="02. Resource\02. Shader\02. ShaderClass\11. Sky">
      <UniqueIdentifier>{4c0a3cf7-5b0a-4c1a-afec-2b520b82a815}</UniqueIdentifier>
    </Filter>
  </ItemGroup>
  <ItemGroup>
    <ClInclude Include="Engine.h">
      <Filter>01. Engine</Filter>
    </ClInclude>
    <ClInclude Include="Device.h">
      <Filter>01. Engine\01. Device</Filter>
    </ClInclude>
    <ClInclude Include="EngineMath.h">
      <Filter>01. Engine\02. Math</Filter>
    </ClInclude>
    <ClInclude Include="Vector2.h">
      <Filter>01. Engine\02. Math</Filter>
    </ClInclude>
    <ClInclude Include="Vector3.h">
      <Filter>01. Engine\02. Math</Filter>
    </ClInclude>
    <ClInclude Include="Vector4.h">
      <Filter>01. Engine\02. Math</Filter>
    </ClInclude>
    <ClInclude Include="Matrix.h">
      <Filter>01. Engine\02. Math</Filter>
    </ClInclude>
    <ClInclude Include="Ref.h">
      <Filter>01. Engine\03. Ref</Filter>
    </ClInclude>
    <ClInclude Include="Resource\ResourceManager.h">
      <Filter>02. Resource</Filter>
    </ClInclude>
    <ClInclude Include="SharedPtr.h">
      <Filter>01. Engine\04. SharedPtr</Filter>
    </ClInclude>
    <ClInclude Include="Flag.h">
      <Filter>Header Files</Filter>
    </ClInclude>
    <ClInclude Include="Resource\Shader\ColorMeshShader.h">
      <Filter>02. Resource\02. Shader\02. ShaderClass\01. ColorMesh</Filter>
    </ClInclude>
    <ClInclude Include="PathManager.h">
      <Filter>01. Engine\05. Path</Filter>
    </ClInclude>
    <ClInclude Include="Resource\Shader\ComputeShader.h">
      <Filter>02. Resource\02. Shader\02. ShaderClass</Filter>
    </ClInclude>
    <ClInclude Include="Resource\Shader\GraphicShader.h">
      <Filter>02. Resource\02. Shader\02. ShaderClass</Filter>
    </ClInclude>
    <ClInclude Include="Resource\Shader\Shader.h">
      <Filter>02. Resource\02. Shader\02. ShaderClass</Filter>
    </ClInclude>
    <ClInclude Include="Resource\Shader\ShaderManager.h">
      <Filter>02. Resource\02. Shader</Filter>
    </ClInclude>
    <ClInclude Include="Resource\Mesh\SpriteMesh.h">
      <Filter>02. Resource\01. Mesh</Filter>
    </ClInclude>
    <ClInclude Include="Resource\Mesh\Mesh.h">
      <Filter>02. Resource\01. Mesh</Filter>
    </ClInclude>
    <ClInclude Include="Resource\Mesh\MeshManager.h">
      <Filter>02. Resource\01. Mesh</Filter>
    </ClInclude>
    <ClInclude Include="Timer.h">
      <Filter>01. Engine\06. Timer</Filter>
    </ClInclude>
    <ClInclude Include="GameInfo.h">
      <Filter>Header Files</Filter>
    </ClInclude>
    <ClInclude Include="Scene\SceneMode.h">
      <Filter>03. Scene\01. SceneMod</Filter>
    </ClInclude>
    <ClInclude Include="Scene\SceneManager.h">
      <Filter>03. Scene</Filter>
    </ClInclude>
    <ClInclude Include="Scene\Scene.h">
      <Filter>03. Scene</Filter>
    </ClInclude>
    <ClInclude Include="GameObject\GameObject.h">
      <Filter>04. GameObject</Filter>
    </ClInclude>
    <ClInclude Include="Scene\SceneResource.h">
      <Filter>03. Scene\02. SceneResource</Filter>
    </ClInclude>
    <ClInclude Include="Resource\Material\Material.h">
      <Filter>02. Resource\03. Material</Filter>
    </ClInclude>
    <ClInclude Include="Resource\Material\MaterialManager.h">
      <Filter>02. Resource\03. Material</Filter>
    </ClInclude>
    <ClInclude Include="Component\Component.h">
      <Filter>05. Component</Filter>
    </ClInclude>
    <ClInclude Include="Component\ObjectComponent.h">
      <Filter>05. Component\02. ObjectComponent</Filter>
    </ClInclude>
    <ClInclude Include="Component\SceneComponent.h">
      <Filter>05. Component\01. SceneComponent</Filter>
    </ClInclude>
    <ClInclude Include="Component\SpriteComponent.h">
      <Filter>05. Component\01. SceneComponent\01. MeshComponent</Filter>
    </ClInclude>
    <ClInclude Include="Component\Transform.h">
      <Filter>05. Component\01. SceneComponent</Filter>
    </ClInclude>
    <ClInclude Include="Resource\Shader\ConstantBuffer.h">
      <Filter>02. Resource\02. Shader\03. ConstantBuffer</Filter>
    </ClInclude>
    <ClInclude Include="Resource\Shader\ConstantBufferBase.h">
      <Filter>02. Resource\02. Shader\03. ConstantBuffer</Filter>
    </ClInclude>
    <ClInclude Include="Resource\Shader\TransformConstantBuffer.h">
      <Filter>02. Resource\02. Shader\03. ConstantBuffer\01. Transform</Filter>
    </ClInclude>
    <ClInclude Include="Render\RenderManager.h">
      <Filter>06. Render</Filter>
    </ClInclude>
    <ClInclude Include="Resource\Texture\DirectXTex.h">
      <Filter>02. Resource\04. Texture</Filter>
    </ClInclude>
    <ClInclude Include="Resource\Texture\Texture.h">
      <Filter>02. Resource\04. Texture</Filter>
    </ClInclude>
    <ClInclude Include="Resource\Texture\TextureManager.h">
      <Filter>02. Resource\04. Texture</Filter>
    </ClInclude>
    <ClInclude Include="Resource\Shader\Mesh2DShader.h">
      <Filter>02. Resource\02. Shader\02. ShaderClass\02. Mesh2D</Filter>
    </ClInclude>
    <ClInclude Include="Resource\Shader\MaterialConstantBuffer.h">
      <Filter>02. Resource\02. Shader\03. ConstantBuffer\02. Material</Filter>
    </ClInclude>
    <ClInclude Include="Render\RenderState.h">
      <Filter>06. Render\01. RenderState</Filter>
    </ClInclude>
    <ClInclude Include="Render\BlendState.h">
      <Filter>06. Render\01. RenderState</Filter>
    </ClInclude>
    <ClInclude Include="Render\RenderStateManager.h">
      <Filter>06. Render\01. RenderState</Filter>
    </ClInclude>
    <ClInclude Include="Resource\Shader\Animation2DConstantBuffer.h">
      <Filter>02. Resource\02. Shader\03. ConstantBuffer\03. Animation2D</Filter>
    </ClInclude>
    <ClInclude Include="Resource\Shader\Standard2DConstantBuffer.h">
      <Filter>02. Resource\02. Shader\03. ConstantBuffer\04. Standard2D</Filter>
    </ClInclude>
    <ClInclude Include="imconfig.h">
      <Filter>01. Engine\08. IMGUI\01. Lib</Filter>
    </ClInclude>
    <ClInclude Include="imgui.h">
      <Filter>01. Engine\08. IMGUI\01. Lib</Filter>
    </ClInclude>
    <ClInclude Include="imgui_impl_dx11.h">
      <Filter>01. Engine\08. IMGUI\01. Lib</Filter>
    </ClInclude>
    <ClInclude Include="imgui_impl_win32.h">
      <Filter>01. Engine\08. IMGUI\01. Lib</Filter>
    </ClInclude>
    <ClInclude Include="imgui_internal.h">
      <Filter>01. Engine\08. IMGUI\01. Lib</Filter>
    </ClInclude>
    <ClInclude Include="imstb_rectpack.h">
      <Filter>01. Engine\08. IMGUI\01. Lib</Filter>
    </ClInclude>
    <ClInclude Include="imstb_textedit.h">
      <Filter>01. Engine\08. IMGUI\01. Lib</Filter>
    </ClInclude>
    <ClInclude Include="imstb_truetype.h">
      <Filter>01. Engine\08. IMGUI\01. Lib</Filter>
    </ClInclude>
    <ClInclude Include="IMGUIWindow.h">
      <Filter>01. Engine\08. IMGUI\02. Window</Filter>
    </ClInclude>
    <ClInclude Include="IMGUIWidget.h">
      <Filter>01. Engine\08. IMGUI\03. Widget</Filter>
    </ClInclude>
    <ClInclude Include="IMGUIManager.h">
      <Filter>01. Engine\08. IMGUI</Filter>
    </ClInclude>
    <ClInclude Include="IMGUIButton.h">
      <Filter>01. Engine\08. IMGUI\03. Widget</Filter>
    </ClInclude>
    <ClInclude Include="IMGUITestWindow.h">
      <Filter>01. Engine\08. IMGUI\02. Window</Filter>
    </ClInclude>
    <ClInclude Include="IMGUISameLine.h">
      <Filter>01. Engine\08. IMGUI\03. Widget</Filter>
    </ClInclude>
    <ClInclude Include="IMGUILabel.h">
      <Filter>01. Engine\08. IMGUI\03. Widget</Filter>
    </ClInclude>
    <ClInclude Include="IMGUIText.h">
      <Filter>01. Engine\08. IMGUI\03. Widget</Filter>
    </ClInclude>
    <ClInclude Include="IMGUITextInput.h">
      <Filter>01. Engine\08. IMGUI\03. Widget</Filter>
    </ClInclude>
    <ClInclude Include="IMGUIListBox.h">
      <Filter>01. Engine\08. IMGUI\03. Widget</Filter>
    </ClInclude>
    <ClInclude Include="IMGUIComboBox.h">
      <Filter>01. Engine\08. IMGUI\03. Widget</Filter>
    </ClInclude>
    <ClInclude Include="IMGUIImage.h">
      <Filter>01. Engine\08. IMGUI\03. Widget</Filter>
    </ClInclude>
    <ClInclude Include="IMGUIRadioButton.h">
      <Filter>01. Engine\08. IMGUI\03. Widget</Filter>
    </ClInclude>
    <ClInclude Include="IMGUICheckBox.h">
      <Filter>01. Engine\08. IMGUI\03. Widget</Filter>
    </ClInclude>
    <ClInclude Include="IMGUITreeNode.h">
      <Filter>01. Engine\08. IMGUI\03. Widget</Filter>
    </ClInclude>
    <ClInclude Include="Resource\Mesh\StaticMesh.h">
      <Filter>02. Resource\01. Mesh</Filter>
    </ClInclude>
    <ClInclude Include="Component\StaticMeshComponent.h">
      <Filter>05. Component\01. SceneComponent\01. MeshComponent</Filter>
    </ClInclude>
    <ClInclude Include="Resource\Shader\PosMeshShader.h">
      <Filter>02. Resource\02. Shader\02. ShaderClass\01. ColorMesh</Filter>
    </ClInclude>
    <ClInclude Include="Render\DepthStencilState.h">
      <Filter>06. Render\01. RenderState</Filter>
    </ClInclude>
    <ClInclude Include="Input.h">
      <Filter>01. Engine\07. Input</Filter>
    </ClInclude>
    <ClInclude Include="Collision\CollisionManager.h">
      <Filter>08. Collision</Filter>
    </ClInclude>
    <ClInclude Include="Component\ColliderComponent.h">
      <Filter>05. Component\01. SceneComponent\02. Collider</Filter>
    </ClInclude>
    <ClInclude Include="Component\ColliderBox2D.h">
      <Filter>05. Component\01. SceneComponent\02. Collider</Filter>
    </ClInclude>
    <ClInclude Include="Scene\SceneCollision.h">
      <Filter>03. Scene\03. Collision</Filter>
    </ClInclude>
    <ClInclude Include="Scene\CollisionSection.h">
      <Filter>03. Scene\03. Collision</Filter>
    </ClInclude>
    <ClInclude Include="Collision\Collision.h">
      <Filter>08. Collision</Filter>
    </ClInclude>
    <ClInclude Include="Resource\Shader\ColliderConstantBuffer.h">
      <Filter>02. Resource\02. Shader\03. ConstantBuffer\05. Collider</Filter>
    </ClInclude>
    <ClInclude Include="Component\CameraComponent.h">
      <Filter>05. Component\01. SceneComponent\03. Camera</Filter>
    </ClInclude>
    <ClInclude Include="Scene\CameraManager.h">
      <Filter>03. Scene\04. CameraManager</Filter>
    </ClInclude>
    <ClInclude Include="Component\ColliderCircle.h">
      <Filter>05. Component\01. SceneComponent\02. Collider</Filter>
    </ClInclude>
    <ClInclude Include="Component\ColliderPixel.h">
      <Filter>05. Component\01. SceneComponent\02. Collider</Filter>
    </ClInclude>
    <ClInclude Include="Resource\Shader\ColliderShader.h">
      <Filter>02. Resource\02. Shader\02. ShaderClass\03. Collider</Filter>
    </ClInclude>
    <ClInclude Include="Resource\Shader\ColliderPixelShader.h">
      <Filter>02. Resource\02. Shader\02. ShaderClass\03. Collider</Filter>
    </ClInclude>
    <ClInclude Include="Scene\Viewport.h">
      <Filter>03. Scene\05. Viewport</Filter>
    </ClInclude>
    <ClInclude Include="Widget\Widget.h">
      <Filter>09. Widget\02. Widget</Filter>
    </ClInclude>
    <ClInclude Include="Widget\Button.h">
      <Filter>09. Widget\02. Widget</Filter>
    </ClInclude>
    <ClInclude Include="Widget\WidgetWindow.h">
      <Filter>09. Widget\01. Window</Filter>
    </ClInclude>
    <ClInclude Include="Resource\Shader\WidgetConstantBuffer.h">
      <Filter>02. Resource\02. Shader\03. ConstantBuffer\06. Widget</Filter>
    </ClInclude>
    <ClInclude Include="Resource\Shader\WidgetShader.h">
      <Filter>02. Resource\02. Shader\02. ShaderClass\04. Widget</Filter>
    </ClInclude>
    <ClInclude Include="fmod.h">
      <Filter>02. Resource\06. Sound\01. FMOD</Filter>
    </ClInclude>
    <ClInclude Include="fmod.hpp">
      <Filter>02. Resource\06. Sound\01. FMOD</Filter>
    </ClInclude>
    <ClInclude Include="fmod_codec.h">
      <Filter>02. Resource\06. Sound\01. FMOD</Filter>
    </ClInclude>
    <ClInclude Include="fmod_common.h">
      <Filter>02. Resource\06. Sound\01. FMOD</Filter>
    </ClInclude>
    <ClInclude Include="fmod_dsp.h">
      <Filter>02. Resource\06. Sound\01. FMOD</Filter>
    </ClInclude>
    <ClInclude Include="fmod_dsp_effects.h">
      <Filter>02. Resource\06. Sound\01. FMOD</Filter>
    </ClInclude>
    <ClInclude Include="fmod_errors.h">
      <Filter>02. Resource\06. Sound\01. FMOD</Filter>
    </ClInclude>
    <ClInclude Include="fmod_output.h">
      <Filter>02. Resource\06. Sound\01. FMOD</Filter>
    </ClInclude>
    <ClInclude Include="Resource\Sound\SoundManager.h">
      <Filter>02. Resource\06. Sound</Filter>
    </ClInclude>
    <ClInclude Include="Resource\Sound\Sound.h">
      <Filter>02. Resource\06. Sound</Filter>
    </ClInclude>
    <ClInclude Include="Resource\Shader\LineMeshShader.h">
      <Filter>02. Resource\02. Shader\02. ShaderClass\01. ColorMesh</Filter>
    </ClInclude>
    <ClInclude Include="Resource\Font\FontManager.h">
      <Filter>02. Resource\07. Font</Filter>
    </ClInclude>
    <ClInclude Include="Widget\Text.h">
      <Filter>09. Widget\02. Widget</Filter>
    </ClInclude>
    <ClInclude Include="Component\WidgetComponent.h">
      <Filter>05. Component\01. SceneComponent\04. Widget</Filter>
    </ClInclude>
    <ClInclude Include="Widget\Image.h">
      <Filter>09. Widget\02. Widget</Filter>
    </ClInclude>
    <ClInclude Include="Widget\ProgressBar.h">
      <Filter>09. Widget\02. Widget</Filter>
    </ClInclude>
    <ClInclude Include="Resource\Shader\ProgressBarConstantBuffer.h">
      <Filter>02. Resource\02. Shader\03. ConstantBuffer\06. Widget</Filter>
    </ClInclude>
    <ClInclude Include="Resource\Shader\ProgressBarShader.h">
      <Filter>02. Resource\02. Shader\02. ShaderClass\04. Widget</Filter>
    </ClInclude>
    <ClInclude Include="Widget\SliderWidget.h">
      <Filter>09. Widget\02. Widget</Filter>
    </ClInclude>
    <ClInclude Include="Widget\Number.h">
      <Filter>09. Widget\02. Widget</Filter>
    </ClInclude>
    <ClInclude Include="Resource\Shader\NumberShader.h">
      <Filter>02. Resource\02. Shader\02. ShaderClass\04. Widget</Filter>
    </ClInclude>
    <ClInclude Include="Thread.h">
      <Filter>01. Engine\09. Thread</Filter>
    </ClInclude>
    <ClInclude Include="ThreadQueue.h">
      <Filter>01. Engine\09. Thread</Filter>
    </ClInclude>
    <ClInclude Include="Sync.h">
      <Filter>01. Engine\09. Thread</Filter>
    </ClInclude>
    <ClInclude Include="Resource\Shader\StructuredBuffer.h">
      <Filter>02. Resource\02. Shader\04. StructuredBuffer</Filter>
    </ClInclude>
    <ClInclude Include="Resource\Shader\GlobalConstantBuffer.h">
      <Filter>02. Resource\02. Shader\03. ConstantBuffer\07. Global</Filter>
    </ClInclude>
    <ClInclude Include="Resource\Shader\ParticleConstantBuffer.h">
      <Filter>02. Resource\02. Shader\03. ConstantBuffer\08. Particle</Filter>
    </ClInclude>
    <ClInclude Include="Component\ParticleComponent.h">
      <Filter>05. Component\01. SceneComponent\05 Particle</Filter>
    </ClInclude>
    <ClInclude Include="Resource\Particle\Particle.h">
      <Filter>02. Resource\08. Particle</Filter>
    </ClInclude>
    <ClInclude Include="Resource\Shader\ParticleUpdateShader.h">
      <Filter>02. Resource\02. Shader\02. ShaderClass\05. Particle</Filter>
    </ClInclude>
    <ClInclude Include="Resource\Particle\ParticleManager.h">
      <Filter>02. Resource\08. Particle</Filter>
    </ClInclude>
    <ClInclude Include="Resource\Shader\ParticleRenderShader.h">
      <Filter>02. Resource\02. Shader\02. ShaderClass\05. Particle</Filter>
    </ClInclude>
    <ClInclude Include="Component\PaperBurnComponent.h">
      <Filter>05. Component\02. ObjectComponent\01. PaperBurn</Filter>
    </ClInclude>
    <ClInclude Include="Resource\Shader\PaperBurnConstantBuffer.h">
      <Filter>02. Resource\02. Shader\03. ConstantBuffer\09. PaperBurn</Filter>
    </ClInclude>
    <ClInclude Include="Component\Tile.h">
      <Filter>05. Component\01. SceneComponent\06. TileMap</Filter>
    </ClInclude>
    <ClInclude Include="Component\TileMapComponent.h">
      <Filter>05. Component\01. SceneComponent\06. TileMap</Filter>
    </ClInclude>
    <ClInclude Include="Resource\Shader\TileMapConstantBuffer.h">
      <Filter>02. Resource\02. Shader\03. ConstantBuffer\10. TileMap</Filter>
    </ClInclude>
    <ClInclude Include="Resource\Shader\TileMapShader.h">
      <Filter>02. Resource\02. Shader\02. ShaderClass\06. TileMap</Filter>
    </ClInclude>
    <ClInclude Include="Scene\Navigation.h">
      <Filter>03. Scene\06. Navigation</Filter>
    </ClInclude>
    <ClInclude Include="Scene\NavigationManager.h">
      <Filter>03. Scene\06. Navigation</Filter>
    </ClInclude>
    <ClInclude Include="Scene\NavigationThread.h">
      <Filter>03. Scene\06. Navigation</Filter>
    </ClInclude>
    <ClInclude Include="Component\NavAgent.h">
      <Filter>05. Component\02. ObjectComponent\02. NavAgent</Filter>
    </ClInclude>
    <ClInclude Include="Resource\Mesh\AnimationMesh.h">
      <Filter>02. Resource\01. Mesh</Filter>
    </ClInclude>
    <ClInclude Include="Resource\Mesh\FBXLoader.h">
      <Filter>02. Resource\01. Mesh</Filter>
    </ClInclude>
    <ClInclude Include="Resource\Shader\Standard3DShader.h">
      <Filter>02. Resource\02. Shader\02. ShaderClass\07. Standard3D</Filter>
    </ClInclude>
    <ClInclude Include="Component\AnimationMeshComponent.h">
      <Filter>05. Component\01. SceneComponent\01. MeshComponent</Filter>
    </ClInclude>
    <ClInclude Include="Component\ArmComponent.h">
      <Filter>05. Component\01. SceneComponent\07. Arm</Filter>
    </ClInclude>
    <ClInclude Include="Resource\Animation\AnimationSequence2D.h">
      <Filter>02. Resource\05. Animation\01. 2D</Filter>
    </ClInclude>
    <ClInclude Include="Resource\Animation\Skeleton.h">
      <Filter>02. Resource\05. Animation\02. 3D</Filter>
    </ClInclude>
    <ClInclude Include="Resource\Animation\AnimationSequence.h">
      <Filter>02. Resource\05. Animation\02. 3D</Filter>
    </ClInclude>
    <ClInclude Include="Resource\Animation\AnimationManager3D.h">
      <Filter>02. Resource\05. Animation\02. 3D</Filter>
    </ClInclude>
    <ClInclude Include="Resource\Mesh\fbxsdk.h">
      <Filter>02. Resource\01. Mesh</Filter>
    </ClInclude>
    <ClInclude Include="Animation\AnimationSequence2DData.h">
      <Filter>07. Animation\01. 2D</Filter>
    </ClInclude>
    <ClInclude Include="Animation\AnimationSequence2DInstance.h">
      <Filter>07. Animation\01. 2D</Filter>
    </ClInclude>
    <ClInclude Include="Animation\AnimationSequenceData.h">
      <Filter>07. Animation\02. 3D</Filter>
    </ClInclude>
    <ClInclude Include="Animation\AnimationSequenceInstance.h">
      <Filter>07. Animation\02. 3D</Filter>
    </ClInclude>
    <ClInclude Include="Resource\Shader\AnimationUpdateConstantBuffer.h">
      <Filter>02. Resource\02. Shader\03. ConstantBuffer\11. Animation3D</Filter>
    </ClInclude>
    <ClInclude Include="Resource\Shader\AnimationUpdateShader.h">
      <Filter>02. Resource\02. Shader\02. ShaderClass\08. AnimationUpdate</Filter>
    </ClInclude>
    <ClInclude Include="Resource\Animation\AnimationManager.h">
      <Filter>02. Resource\05. Animation\01. 2D</Filter>
    </ClInclude>
    <ClInclude Include="Component\LightComponent.h">
      <Filter>05. Component\01. SceneComponent\08. Light</Filter>
    </ClInclude>
    <ClInclude Include="Resource\Shader\LightConstantBuffer.h">
      <Filter>02. Resource\02. Shader\03. ConstantBuffer\12. Light</Filter>
    </ClInclude>
    <ClInclude Include="Scene\LightManager.h">
      <Filter>03. Scene\07. Light</Filter>
    </ClInclude>
    <ClInclude Include="Resource\Texture\RenderTarget.h">
      <Filter>02. Resource\04. Texture</Filter>
    </ClInclude>
    <ClInclude Include="Resource\Shader\RenderTargetShader.h">
      <Filter>02. Resource\02. Shader\02. ShaderClass\09. RenderTarget</Filter>
    </ClInclude>
    <ClInclude Include="Resource\Shader\LightAccShader.h">
      <Filter>02. Resource\02. Shader\02. ShaderClass\10. Light</Filter>
    </ClInclude>
    <ClInclude Include="GameObject\LightObject.h">
      <Filter>04. GameObject</Filter>
    </ClInclude>
    <ClInclude Include="Resource\Shader\LightBlendShader.h">
      <Filter>02. Resource\02. Shader\02. ShaderClass\10. Light</Filter>
    </ClInclude>
    <ClInclude Include="Resource\Shader\LightBlendRenderShader.h">
      <Filter>02. Resource\02. Shader\02. ShaderClass\10. Light</Filter>
    </ClInclude>
    <ClInclude Include="Render\RasterizerState.h">
      <Filter>06. Render\01. RenderState</Filter>
    </ClInclude>
    <ClInclude Include="Resource\Shader\SkyShader.h">
      <Filter>02. Resource\02. Shader\02. ShaderClass\11. Sky</Filter>
    </ClInclude>
    <ClInclude Include="GameObject\SkyObject.h">
      <Filter>04. GameObject</Filter>
    </ClInclude>
  </ItemGroup>
  <ItemGroup>
    <ClCompile Include="Engine.cpp">
      <Filter>01. Engine</Filter>
    </ClCompile>
    <ClCompile Include="Vector2.cpp">
      <Filter>01. Engine\02. Math</Filter>
    </ClCompile>
    <ClCompile Include="Vector3.cpp">
      <Filter>01. Engine\02. Math</Filter>
    </ClCompile>
    <ClCompile Include="Vector4.cpp">
      <Filter>01. Engine\02. Math</Filter>
    </ClCompile>
    <ClCompile Include="Matrix.cpp">
      <Filter>01. Engine\02. Math</Filter>
    </ClCompile>
    <ClCompile Include="Ref.cpp">
      <Filter>01. Engine\03. Ref</Filter>
    </ClCompile>
    <ClCompile Include="Device.cpp">
      <Filter>01. Engine\01. Device</Filter>
    </ClCompile>
    <ClCompile Include="Resource\ResourceManager.cpp">
      <Filter>02. Resource</Filter>
    </ClCompile>
    <ClCompile Include="Resource\Shader\ColorMeshShader.cpp">
      <Filter>02. Resource\02. Shader\02. ShaderClass\01. ColorMesh</Filter>
    </ClCompile>
    <ClCompile Include="PathManager.cpp">
      <Filter>01. Engine\05. Path</Filter>
    </ClCompile>
    <ClCompile Include="Resource\Shader\ComputeShader.cpp">
      <Filter>02. Resource\02. Shader\02. ShaderClass</Filter>
    </ClCompile>
    <ClCompile Include="Resource\Shader\GraphicShader.cpp">
      <Filter>02. Resource\02. Shader\02. ShaderClass</Filter>
    </ClCompile>
    <ClCompile Include="Resource\Shader\Shader.cpp">
      <Filter>02. Resource\02. Shader\02. ShaderClass</Filter>
    </ClCompile>
    <ClCompile Include="Resource\Shader\ShaderManager.cpp">
      <Filter>02. Resource\02. Shader</Filter>
    </ClCompile>
    <ClCompile Include="Resource\Mesh\SpriteMesh.cpp">
      <Filter>02. Resource\01. Mesh</Filter>
    </ClCompile>
    <ClCompile Include="Resource\Mesh\Mesh.cpp">
      <Filter>02. Resource\01. Mesh</Filter>
    </ClCompile>
    <ClCompile Include="Resource\Mesh\MeshManager.cpp">
      <Filter>02. Resource\01. Mesh</Filter>
    </ClCompile>
    <ClCompile Include="Timer.cpp">
      <Filter>01. Engine\06. Timer</Filter>
    </ClCompile>
    <ClCompile Include="Scene\SceneMode.cpp">
      <Filter>03. Scene\01. SceneMod</Filter>
    </ClCompile>
    <ClCompile Include="Scene\SceneManager.cpp">
      <Filter>03. Scene</Filter>
    </ClCompile>
    <ClCompile Include="Scene\Scene.cpp">
      <Filter>03. Scene</Filter>
    </ClCompile>
    <ClCompile Include="GameObject\GameObject.cpp">
      <Filter>04. GameObject</Filter>
    </ClCompile>
    <ClCompile Include="Scene\SceneResource.cpp">
      <Filter>03. Scene\02. SceneResource</Filter>
    </ClCompile>
    <ClCompile Include="Resource\Material\Material.cpp">
      <Filter>02. Resource\03. Material</Filter>
    </ClCompile>
    <ClCompile Include="Resource\Material\MaterialManager.cpp">
      <Filter>02. Resource\03. Material</Filter>
    </ClCompile>
    <ClCompile Include="Component\Component.cpp">
      <Filter>05. Component</Filter>
    </ClCompile>
    <ClCompile Include="Component\ObjectComponent.cpp">
      <Filter>05. Component\02. ObjectComponent</Filter>
    </ClCompile>
    <ClCompile Include="Component\SceneComponent.cpp">
      <Filter>05. Component\01. SceneComponent</Filter>
    </ClCompile>
    <ClCompile Include="Component\SpriteComponent.cpp">
      <Filter>05. Component\01. SceneComponent\01. MeshComponent</Filter>
    </ClCompile>
    <ClCompile Include="Component\Transform.cpp">
      <Filter>05. Component\01. SceneComponent</Filter>
    </ClCompile>
    <ClCompile Include="Resource\Shader\ConstantBuffer.cpp">
      <Filter>02. Resource\02. Shader\03. ConstantBuffer</Filter>
    </ClCompile>
    <ClCompile Include="Resource\Shader\ConstantBufferBase.cpp">
      <Filter>02. Resource\02. Shader\03. ConstantBuffer</Filter>
    </ClCompile>
    <ClCompile Include="Resource\Shader\TransformConstantBuffer.cpp">
      <Filter>02. Resource\02. Shader\03. ConstantBuffer\01. Transform</Filter>
    </ClCompile>
    <ClCompile Include="Render\RenderManager.cpp">
      <Filter>06. Render</Filter>
    </ClCompile>
    <ClCompile Include="Input.cpp">
      <Filter>01. Engine\07. Input</Filter>
    </ClCompile>
    <ClCompile Include="Resource\Texture\Texture.cpp">
      <Filter>02. Resource\04. Texture</Filter>
    </ClCompile>
    <ClCompile Include="Resource\Texture\TextureManager.cpp">
      <Filter>02. Resource\04. Texture</Filter>
    </ClCompile>
    <ClCompile Include="Resource\Shader\Mesh2DShader.cpp">
      <Filter>02. Resource\02. Shader\02. ShaderClass\02. Mesh2D</Filter>
    </ClCompile>
    <ClCompile Include="Resource\Shader\MaterialConstantBuffer.cpp">
      <Filter>02. Resource\02. Shader\03. ConstantBuffer\02. Material</Filter>
    </ClCompile>
    <ClCompile Include="Render\RenderState.cpp">
      <Filter>06. Render\01. RenderState</Filter>
    </ClCompile>
    <ClCompile Include="Render\BlendState.cpp">
      <Filter>06. Render\01. RenderState</Filter>
    </ClCompile>
    <ClCompile Include="Render\RenderStateManager.cpp">
      <Filter>06. Render\01. RenderState</Filter>
    </ClCompile>
    <ClCompile Include="Resource\Shader\Animation2DConstantBuffer.cpp">
      <Filter>02. Resource\02. Shader\03. ConstantBuffer\03. Animation2D</Filter>
    </ClCompile>
    <ClCompile Include="Resource\Shader\Standard2DConstantBuffer.cpp">
      <Filter>02. Resource\02. Shader\03. ConstantBuffer\04. Standard2D</Filter>
    </ClCompile>
    <ClCompile Include="imgui.cpp">
      <Filter>01. Engine\08. IMGUI\01. Lib</Filter>
    </ClCompile>
    <ClCompile Include="imgui_demo.cpp">
      <Filter>01. Engine\08. IMGUI\01. Lib</Filter>
    </ClCompile>
    <ClCompile Include="imgui_draw.cpp">
      <Filter>01. Engine\08. IMGUI\01. Lib</Filter>
    </ClCompile>
    <ClCompile Include="imgui_impl_dx11.cpp">
      <Filter>01. Engine\08. IMGUI\01. Lib</Filter>
    </ClCompile>
    <ClCompile Include="imgui_impl_win32.cpp">
      <Filter>01. Engine\08. IMGUI\01. Lib</Filter>
    </ClCompile>
    <ClCompile Include="imgui_tables.cpp">
      <Filter>01. Engine\08. IMGUI\01. Lib</Filter>
    </ClCompile>
    <ClCompile Include="imgui_widgets.cpp">
      <Filter>01. Engine\08. IMGUI\01. Lib</Filter>
    </ClCompile>
    <ClCompile Include="IMGUIWindow.cpp">
      <Filter>01. Engine\08. IMGUI\02. Window</Filter>
    </ClCompile>
    <ClCompile Include="IMGUIWidget.cpp">
      <Filter>01. Engine\08. IMGUI\03. Widget</Filter>
    </ClCompile>
    <ClCompile Include="IMGUIManager.cpp">
      <Filter>01. Engine\08. IMGUI</Filter>
    </ClCompile>
    <ClCompile Include="IMGUIButton.cpp">
      <Filter>01. Engine\08. IMGUI\03. Widget</Filter>
    </ClCompile>
    <ClCompile Include="IMGUITestWindow.cpp">
      <Filter>01. Engine\08. IMGUI\02. Window</Filter>
    </ClCompile>
    <ClCompile Include="IMGUISameLine.cpp">
      <Filter>01. Engine\08. IMGUI\03. Widget</Filter>
    </ClCompile>
    <ClCompile Include="IMGUILabel.cpp">
      <Filter>01. Engine\08. IMGUI\03. Widget</Filter>
    </ClCompile>
    <ClCompile Include="IMGUIText.cpp">
      <Filter>01. Engine\08. IMGUI\03. Widget</Filter>
    </ClCompile>
    <ClCompile Include="IMGUITextInput.cpp">
      <Filter>01. Engine\08. IMGUI\03. Widget</Filter>
    </ClCompile>
    <ClCompile Include="IMGUIListBox.cpp">
      <Filter>01. Engine\08. IMGUI\03. Widget</Filter>
    </ClCompile>
    <ClCompile Include="IMGUIComboBox.cpp">
      <Filter>01. Engine\08. IMGUI\03. Widget</Filter>
    </ClCompile>
    <ClCompile Include="IMGUIImage.cpp">
      <Filter>01. Engine\08. IMGUI\03. Widget</Filter>
    </ClCompile>
    <ClCompile Include="IMGUIRadioButton.cpp">
      <Filter>01. Engine\08. IMGUI\03. Widget</Filter>
    </ClCompile>
    <ClCompile Include="IMGUICheckBox.cpp">
      <Filter>01. Engine\08. IMGUI\03. Widget</Filter>
    </ClCompile>
    <ClCompile Include="IMGUITreeNode.cpp">
      <Filter>01. Engine\08. IMGUI\03. Widget</Filter>
    </ClCompile>
    <ClCompile Include="Resource\Mesh\StaticMesh.cpp">
      <Filter>02. Resource\01. Mesh</Filter>
    </ClCompile>
    <ClCompile Include="Component\StaticMeshComponent.cpp">
      <Filter>05. Component\01. SceneComponent\01. MeshComponent</Filter>
    </ClCompile>
    <ClCompile Include="Resource\Shader\PosMeshShader.cpp">
      <Filter>02. Resource\02. Shader\02. ShaderClass\01. ColorMesh</Filter>
    </ClCompile>
    <ClCompile Include="Render\DepthStencilState.cpp">
      <Filter>06. Render\01. RenderState</Filter>
    </ClCompile>
    <ClCompile Include="Collision\CollisionManager.cpp">
      <Filter>08. Collision</Filter>
    </ClCompile>
    <ClCompile Include="Component\ColliderComponent.cpp">
      <Filter>05. Component\01. SceneComponent\02. Collider</Filter>
    </ClCompile>
    <ClCompile Include="Component\ColliderBox2D.cpp">
      <Filter>05. Component\01. SceneComponent\02. Collider</Filter>
    </ClCompile>
    <ClCompile Include="Scene\SceneCollision.cpp">
      <Filter>03. Scene\03. Collision</Filter>
    </ClCompile>
    <ClCompile Include="Scene\CollisionSection.cpp">
      <Filter>03. Scene\03. Collision</Filter>
    </ClCompile>
    <ClCompile Include="Collision\Collision.cpp">
      <Filter>08. Collision</Filter>
    </ClCompile>
    <ClCompile Include="Resource\Shader\ColliderConstantBuffer.cpp">
      <Filter>02. Resource\02. Shader\03. ConstantBuffer\05. Collider</Filter>
    </ClCompile>
    <ClCompile Include="Component\CameraComponent.cpp">
      <Filter>05. Component\01. SceneComponent\03. Camera</Filter>
    </ClCompile>
    <ClCompile Include="Scene\CameraManager.cpp">
      <Filter>03. Scene\04. CameraManager</Filter>
    </ClCompile>
    <ClCompile Include="Component\ColliderCircle.cpp">
      <Filter>05. Component\01. SceneComponent\02. Collider</Filter>
    </ClCompile>
    <ClCompile Include="Component\ColliderPixel.cpp">
      <Filter>05. Component\01. SceneComponent\02. Collider</Filter>
    </ClCompile>
    <ClCompile Include="Resource\Shader\ColliderShader.cpp">
      <Filter>02. Resource\02. Shader\02. ShaderClass\03. Collider</Filter>
    </ClCompile>
    <ClCompile Include="Resource\Shader\ColliderPixelShader.cpp">
      <Filter>02. Resource\02. Shader\02. ShaderClass\03. Collider</Filter>
    </ClCompile>
    <ClCompile Include="Scene\Viewport.cpp">
      <Filter>03. Scene\05. Viewport</Filter>
    </ClCompile>
    <ClCompile Include="Widget\Widget.cpp">
      <Filter>09. Widget\02. Widget</Filter>
    </ClCompile>
    <ClCompile Include="Widget\Button.cpp">
      <Filter>09. Widget\02. Widget</Filter>
    </ClCompile>
    <ClCompile Include="Widget\WidgetWindow.cpp">
      <Filter>09. Widget\01. Window</Filter>
    </ClCompile>
    <ClCompile Include="Resource\Shader\WidgetConstantBuffer.cpp">
      <Filter>02. Resource\02. Shader\03. ConstantBuffer\06. Widget</Filter>
    </ClCompile>
    <ClCompile Include="Resource\Shader\WidgetShader.cpp">
      <Filter>02. Resource\02. Shader\02. ShaderClass\04. Widget</Filter>
    </ClCompile>
    <ClCompile Include="Resource\Sound\SoundManager.cpp">
      <Filter>02. Resource\06. Sound</Filter>
    </ClCompile>
    <ClCompile Include="Resource\Sound\Sound.cpp">
      <Filter>02. Resource\06. Sound</Filter>
    </ClCompile>
    <ClCompile Include="Resource\Shader\LineMeshShader.cpp">
      <Filter>02. Resource\02. Shader\02. ShaderClass\01. ColorMesh</Filter>
    </ClCompile>
    <ClCompile Include="Resource\Font\FontManager.cpp">
      <Filter>02. Resource\07. Font</Filter>
    </ClCompile>
    <ClCompile Include="Widget\Text.cpp">
      <Filter>09. Widget\02. Widget</Filter>
    </ClCompile>
    <ClCompile Include="Component\WidgetComponent.cpp">
      <Filter>05. Component\01. SceneComponent\04. Widget</Filter>
    </ClCompile>
    <ClCompile Include="Widget\Image.cpp">
      <Filter>09. Widget\02. Widget</Filter>
    </ClCompile>
    <ClCompile Include="Widget\ProgressBar.cpp">
      <Filter>09. Widget\02. Widget</Filter>
    </ClCompile>
    <ClCompile Include="Resource\Shader\ProgressBarConstantBuffer.cpp">
      <Filter>02. Resource\02. Shader\03. ConstantBuffer\06. Widget</Filter>
    </ClCompile>
    <ClCompile Include="Resource\Shader\ProgressBarShader.cpp">
      <Filter>02. Resource\02. Shader\02. ShaderClass\04. Widget</Filter>
    </ClCompile>
    <ClCompile Include="Widget\SliderWidget.cpp">
      <Filter>09. Widget\02. Widget</Filter>
    </ClCompile>
    <ClCompile Include="Widget\Number.cpp">
      <Filter>09. Widget\02. Widget</Filter>
    </ClCompile>
    <ClCompile Include="Resource\Shader\NumberShader.cpp">
      <Filter>02. Resource\02. Shader\02. ShaderClass\04. Widget</Filter>
    </ClCompile>
    <ClCompile Include="Thread.cpp">
      <Filter>01. Engine\09. Thread</Filter>
    </ClCompile>
    <ClCompile Include="Resource\Shader\StructuredBuffer.cpp">
      <Filter>02. Resource\02. Shader\04. StructuredBuffer</Filter>
    </ClCompile>
    <ClCompile Include="Resource\Shader\GlobalConstantBuffer.cpp">
      <Filter>02. Resource\02. Shader\03. ConstantBuffer\07. Global</Filter>
    </ClCompile>
    <ClCompile Include="Resource\Shader\ParticleConstantBuffer.cpp">
      <Filter>02. Resource\02. Shader\03. ConstantBuffer\08. Particle</Filter>
    </ClCompile>
    <ClCompile Include="Component\ParticleComponent.cpp">
      <Filter>05. Component\01. SceneComponent\05 Particle</Filter>
    </ClCompile>
    <ClCompile Include="Resource\Particle\Particle.cpp">
      <Filter>02. Resource\08. Particle</Filter>
    </ClCompile>
    <ClCompile Include="Resource\Shader\ParticleUpdateShader.cpp">
      <Filter>02. Resource\02. Shader\02. ShaderClass\05. Particle</Filter>
    </ClCompile>
    <ClCompile Include="Resource\Particle\ParticleManager.cpp">
      <Filter>02. Resource\08. Particle</Filter>
    </ClCompile>
    <ClCompile Include="Resource\Shader\ParticleRenderShader.cpp">
      <Filter>02. Resource\02. Shader\02. ShaderClass\05. Particle</Filter>
    </ClCompile>
    <ClCompile Include="Component\PaperBurnComponent.cpp">
      <Filter>05. Component\02. ObjectComponent\01. PaperBurn</Filter>
    </ClCompile>
    <ClCompile Include="Resource\Shader\PaperBurnConstantBuffer.cpp">
      <Filter>02. Resource\02. Shader\03. ConstantBuffer\09. PaperBurn</Filter>
    </ClCompile>
    <ClCompile Include="Component\Tile.cpp">
      <Filter>05. Component\01. SceneComponent\06. TileMap</Filter>
    </ClCompile>
    <ClCompile Include="Component\TileMapComponent.cpp">
      <Filter>05. Component\01. SceneComponent\06. TileMap</Filter>
    </ClCompile>
    <ClCompile Include="Resource\Shader\TileMapConstantBuffer.cpp">
      <Filter>02. Resource\02. Shader\03. ConstantBuffer\10. TileMap</Filter>
    </ClCompile>
    <ClCompile Include="Resource\Shader\TileMapShader.cpp">
      <Filter>02. Resource\02. Shader\02. ShaderClass\06. TileMap</Filter>
    </ClCompile>
    <ClCompile Include="Scene\Navigation.cpp">
      <Filter>03. Scene\06. Navigation</Filter>
    </ClCompile>
    <ClCompile Include="Scene\NavigationManager.cpp">
      <Filter>03. Scene\06. Navigation</Filter>
    </ClCompile>
    <ClCompile Include="Scene\NavigationThread.cpp">
      <Filter>03. Scene\06. Navigation</Filter>
    </ClCompile>
    <ClCompile Include="Component\NavAgent.cpp">
      <Filter>05. Component\02. ObjectComponent\02. NavAgent</Filter>
    </ClCompile>
    <ClCompile Include="Resource\Mesh\AnimationMesh.cpp">
      <Filter>02. Resource\01. Mesh</Filter>
    </ClCompile>
    <ClCompile Include="Resource\Mesh\FBXLoader.cpp">
      <Filter>02. Resource\01. Mesh</Filter>
    </ClCompile>
    <ClCompile Include="Resource\Shader\Standard3DShader.cpp">
      <Filter>02. Resource\02. Shader\02. ShaderClass\07. Standard3D</Filter>
    </ClCompile>
    <ClCompile Include="Component\AnimationMeshComponent.cpp">
      <Filter>05. Component\01. SceneComponent\01. MeshComponent</Filter>
    </ClCompile>
    <ClCompile Include="Component\ArmComponent.cpp">
      <Filter>05. Component\01. SceneComponent\07. Arm</Filter>
    </ClCompile>
    <ClCompile Include="Resource\Animation\AnimationSequence2D.cpp">
      <Filter>02. Resource\05. Animation\01. 2D</Filter>
    </ClCompile>
    <ClCompile Include="Resource\Animation\Skeleton.cpp">
      <Filter>02. Resource\05. Animation\02. 3D</Filter>
    </ClCompile>
    <ClCompile Include="Resource\Animation\AnimationSequence.cpp">
      <Filter>02. Resource\05. Animation\02. 3D</Filter>
    </ClCompile>
    <ClCompile Include="Resource\Animation\AnimationManager3D.cpp">
      <Filter>02. Resource\05. Animation\02. 3D</Filter>
    </ClCompile>
    <ClCompile Include="Animation\AnimationSequence2DData.cpp">
      <Filter>07. Animation\01. 2D</Filter>
    </ClCompile>
    <ClCompile Include="Animation\AnimationSequence2DInstance.cpp">
      <Filter>07. Animation\01. 2D</Filter>
    </ClCompile>
    <ClCompile Include="Animation\AnimationSequenceData.cpp">
      <Filter>07. Animation\02. 3D</Filter>
    </ClCompile>
    <ClCompile Include="Animation\AnimationSequenceInstance.cpp">
      <Filter>07. Animation\02. 3D</Filter>
    </ClCompile>
    <ClCompile Include="Resource\Shader\AnimationUpdateConstantBuffer.cpp">
      <Filter>02. Resource\02. Shader\03. ConstantBuffer\11. Animation3D</Filter>
    </ClCompile>
    <ClCompile Include="Resource\Shader\AnimationUpdateShader.cpp">
      <Filter>02. Resource\02. Shader\02. ShaderClass\08. AnimationUpdate</Filter>
    </ClCompile>
    <ClCompile Include="Resource\Animation\AnimationManager.cpp">
      <Filter>02. Resource\05. Animation\01. 2D</Filter>
    </ClCompile>
    <ClCompile Include="Component\LightComponent.cpp">
      <Filter>05. Component\01. SceneComponent\08. Light</Filter>
    </ClCompile>
    <ClCompile Include="Resource\Shader\LightConstantBuffer.cpp">
      <Filter>02. Resource\02. Shader\03. ConstantBuffer\12. Light</Filter>
    </ClCompile>
    <ClCompile Include="Scene\LightManager.cpp">
      <Filter>03. Scene\07. Light</Filter>
    </ClCompile>
    <ClCompile Include="Resource\Texture\RenderTarget.cpp">
      <Filter>02. Resource\04. Texture</Filter>
    </ClCompile>
    <ClCompile Include="Resource\Shader\RenderTargetShader.cpp">
      <Filter>02. Resource\02. Shader\02. ShaderClass\09. RenderTarget</Filter>
    </ClCompile>
    <ClCompile Include="Resource\Shader\LightAccShader.cpp">
      <Filter>02. Resource\02. Shader\02. ShaderClass\10. Light</Filter>
    </ClCompile>
    <ClCompile Include="GameObject\LightObject.cpp">
      <Filter>04. GameObject</Filter>
    </ClCompile>
    <ClCompile Include="Resource\Shader\LightBlendRenderShader.cpp">
      <Filter>02. Resource\02. Shader\02. ShaderClass\10. Light</Filter>
    </ClCompile>
    <ClCompile Include="Resource\Shader\LightBlendShader.cpp">
      <Filter>02. Resource\02. Shader\02. ShaderClass\10. Light</Filter>
    </ClCompile>
    <ClCompile Include="Render\RasterizerState.cpp">
      <Filter>06. Render\01. RenderState</Filter>
    </ClCompile>
    <ClCompile Include="Resource\Shader\SkyShader.cpp">
      <Filter>02. Resource\02. Shader\02. ShaderClass\11. Sky</Filter>
    </ClCompile>
    <ClCompile Include="GameObject\SkyObject.cpp">
      <Filter>04. GameObject</Filter>
    </ClCompile>
  </ItemGroup>
  <ItemGroup>
    <FxCompile Include="..\Bin\Shader\ShaderInfo.fx">
      <Filter>02. Resource\02. Shader\01. HLSL</Filter>
    </FxCompile>
    <FxCompile Include="..\Bin\Shader\ColorMesh.fx">
      <Filter>02. Resource\02. Shader\01. HLSL</Filter>
    </FxCompile>
    <FxCompile Include="..\Bin\Shader\Mesh2D.fx">
      <Filter>02. Resource\02. Shader\01. HLSL</Filter>
    </FxCompile>
    <FxCompile Include="..\Bin\Shader\Collider.fx">
      <Filter>02. Resource\02. Shader\01. HLSL</Filter>
    </FxCompile>
    <FxCompile Include="..\Bin\Shader\Widget.fx">
      <Filter>02. Resource\02. Shader\01. HLSL</Filter>
    </FxCompile>
    <FxCompile Include="..\Bin\Shader\Particle.fx">
      <Filter>02. Resource\02. Shader\01. HLSL</Filter>
    </FxCompile>
    <FxCompile Include="..\Bin\Shader\TileMap.fx">
      <Filter>02. Resource\02. Shader\01. HLSL</Filter>
    </FxCompile>
    <FxCompile Include="..\Bin\Shader\Standard3D.fx">
      <Filter>02. Resource\02. Shader\01. HLSL</Filter>
    </FxCompile>
    <FxCompile Include="..\Bin\Shader\AnimationUpdate.fx">
      <Filter>02. Resource\02. Shader\01. HLSL</Filter>
    </FxCompile>
    <FxCompile Include="..\Bin\Shader\Light.fx">
      <Filter>02. Resource\02. Shader\01. HLSL</Filter>
    </FxCompile>
    <FxCompile Include="..\Bin\Shader\Sky.fx">
      <Filter>02. Resource\02. Shader\01. HLSL</Filter>
    </FxCompile>
  </ItemGroup>
  <ItemGroup>
    <None Include="Resource\Texture\DirectXTex.inl">
      <Filter>02. Resource\04. Texture</Filter>
    </None>
    <None Include="fmod.cs">
      <Filter>02. Resource\06. Sound\01. FMOD</Filter>
    </None>
    <None Include="fmod_dsp.cs">
      <Filter>02. Resource\06. Sound\01. FMOD</Filter>
    </None>
    <None Include="fmod_errors.cs">
      <Filter>02. Resource\06. Sound\01. FMOD</Filter>
    </None>
  </ItemGroup>
</Project>